// !$*UTF8*$!
{
	archiveVersion = 1;
	classes = {
	};
	objectVersion = 77;
	objects = {

/* Begin PBXBuildFile section */
		05475A045A7AD15855AF81ED /* Pods_CryptoCrazyRxMVVMTests.framework in Frameworks */ = {isa = PBXBuildFile; fileRef = E248F86B1F8B7B7DCC702009 /* Pods_CryptoCrazyRxMVVMTests.framework */; };
		4FBB7DDF9892DF9DCA88E019 /* Pods_CryptoCrazyRxMVVM_CryptoCrazyRxMVVMUITests.framework in Frameworks */ = {isa = PBXBuildFile; fileRef = CECBE4F9D21EE0F738020795 /* Pods_CryptoCrazyRxMVVM_CryptoCrazyRxMVVMUITests.framework */; };
		56E2DC36AAD658A80ACF8F22 /* Pods_CryptoCrazyRxMVVM.framework in Frameworks */ = {isa = PBXBuildFile; fileRef = 4EE89409DE5C4B6D8AC5E1DC /* Pods_CryptoCrazyRxMVVM.framework */; };
/* End PBXBuildFile section */

/* Begin PBXContainerItemProxy section */
		B6E26D3F2DB1C21000F6B3FC /* PBXContainerItemProxy */ = {
			isa = PBXContainerItemProxy;
			containerPortal = B6E26D202DB1C20E00F6B3FC /* Project object */;
			proxyType = 1;
			remoteGlobalIDString = B6E26D272DB1C20E00F6B3FC;
			remoteInfo = CryptoCrazyRxMVVM;
		};
		B6E26D492DB1C21000F6B3FC /* PBXContainerItemProxy */ = {
			isa = PBXContainerItemProxy;
			containerPortal = B6E26D202DB1C20E00F6B3FC /* Project object */;
			proxyType = 1;
			remoteGlobalIDString = B6E26D272DB1C20E00F6B3FC;
			remoteInfo = CryptoCrazyRxMVVM;
		};
/* End PBXContainerItemProxy section */

/* Begin PBXFileReference section */
		1D27C8DADB64DE0AB1F401FA /* Pods-CryptoCrazyRxMVVMTests.release.xcconfig */ = {isa = PBXFileReference; includeInIndex = 1; lastKnownFileType = text.xcconfig; name = "Pods-CryptoCrazyRxMVVMTests.release.xcconfig"; path = "Target Support Files/Pods-CryptoCrazyRxMVVMTests/Pods-CryptoCrazyRxMVVMTests.release.xcconfig"; sourceTree = "<group>"; };
		220686527E4F589336D3A9BB /* Pods-CryptoCrazyRxMVVM-CryptoCrazyRxMVVMUITests.release.xcconfig */ = {isa = PBXFileReference; includeInIndex = 1; lastKnownFileType = text.xcconfig; name = "Pods-CryptoCrazyRxMVVM-CryptoCrazyRxMVVMUITests.release.xcconfig"; path = "Target Support Files/Pods-CryptoCrazyRxMVVM-CryptoCrazyRxMVVMUITests/Pods-CryptoCrazyRxMVVM-CryptoCrazyRxMVVMUITests.release.xcconfig"; sourceTree = "<group>"; };
		2EA4225FF42F4888D4E21242 /* Pods-CryptoCrazyRxMVVM-CryptoCrazyRxMVVMUITests.debug.xcconfig */ = {isa = PBXFileReference; includeInIndex = 1; lastKnownFileType = text.xcconfig; name = "Pods-CryptoCrazyRxMVVM-CryptoCrazyRxMVVMUITests.debug.xcconfig"; path = "Target Support Files/Pods-CryptoCrazyRxMVVM-CryptoCrazyRxMVVMUITests/Pods-CryptoCrazyRxMVVM-CryptoCrazyRxMVVMUITests.debug.xcconfig"; sourceTree = "<group>"; };
		4EE89409DE5C4B6D8AC5E1DC /* Pods_CryptoCrazyRxMVVM.framework */ = {isa = PBXFileReference; explicitFileType = wrapper.framework; includeInIndex = 0; path = Pods_CryptoCrazyRxMVVM.framework; sourceTree = BUILT_PRODUCTS_DIR; };
		6EDD2B8A0265699F53AAB1C2 /* Pods-CryptoCrazyRxMVVM.release.xcconfig */ = {isa = PBXFileReference; includeInIndex = 1; lastKnownFileType = text.xcconfig; name = "Pods-CryptoCrazyRxMVVM.release.xcconfig"; path = "Target Support Files/Pods-CryptoCrazyRxMVVM/Pods-CryptoCrazyRxMVVM.release.xcconfig"; sourceTree = "<group>"; };
		748A65EF7F5F0BD0562D8EFA /* Pods-CryptoCrazyRxMVVM.debug.xcconfig */ = {isa = PBXFileReference; includeInIndex = 1; lastKnownFileType = text.xcconfig; name = "Pods-CryptoCrazyRxMVVM.debug.xcconfig"; path = "Target Support Files/Pods-CryptoCrazyRxMVVM/Pods-CryptoCrazyRxMVVM.debug.xcconfig"; sourceTree = "<group>"; };
		A936F26D6CBD6875CEF6DFBB /* Pods-CryptoCrazyRxMVVMTests.debug.xcconfig */ = {isa = PBXFileReference; includeInIndex = 1; lastKnownFileType = text.xcconfig; name = "Pods-CryptoCrazyRxMVVMTests.debug.xcconfig"; path = "Target Support Files/Pods-CryptoCrazyRxMVVMTests/Pods-CryptoCrazyRxMVVMTests.debug.xcconfig"; sourceTree = "<group>"; };
		B6E26D282DB1C20E00F6B3FC /* CryptoCrazyRxMVVM.app */ = {isa = PBXFileReference; explicitFileType = wrapper.application; includeInIndex = 0; path = CryptoCrazyRxMVVM.app; sourceTree = BUILT_PRODUCTS_DIR; };
		B6E26D3E2DB1C21000F6B3FC /* CryptoCrazyRxMVVMTests.xctest */ = {isa = PBXFileReference; explicitFileType = wrapper.cfbundle; includeInIndex = 0; path = CryptoCrazyRxMVVMTests.xctest; sourceTree = BUILT_PRODUCTS_DIR; };
		B6E26D482DB1C21000F6B3FC /* CryptoCrazyRxMVVMUITests.xctest */ = {isa = PBXFileReference; explicitFileType = wrapper.cfbundle; includeInIndex = 0; path = CryptoCrazyRxMVVMUITests.xctest; sourceTree = BUILT_PRODUCTS_DIR; };
		CECBE4F9D21EE0F738020795 /* Pods_CryptoCrazyRxMVVM_CryptoCrazyRxMVVMUITests.framework */ = {isa = PBXFileReference; explicitFileType = wrapper.framework; includeInIndex = 0; path = Pods_CryptoCrazyRxMVVM_CryptoCrazyRxMVVMUITests.framework; sourceTree = BUILT_PRODUCTS_DIR; };
		E248F86B1F8B7B7DCC702009 /* Pods_CryptoCrazyRxMVVMTests.framework */ = {isa = PBXFileReference; explicitFileType = wrapper.framework; includeInIndex = 0; path = Pods_CryptoCrazyRxMVVMTests.framework; sourceTree = BUILT_PRODUCTS_DIR; };
/* End PBXFileReference section */

/* Begin PBXFileSystemSynchronizedRootGroup section */
		B6E26D2A2DB1C20E00F6B3FC /* CryptoCrazyRxMVVM */ = {
			isa = PBXFileSystemSynchronizedRootGroup;
			path = CryptoCrazyRxMVVM;
			sourceTree = "<group>";
		};
		B6E26D412DB1C21000F6B3FC /* CryptoCrazyRxMVVMTests */ = {
			isa = PBXFileSystemSynchronizedRootGroup;
			path = CryptoCrazyRxMVVMTests;
			sourceTree = "<group>";
		};
		B6E26D4B2DB1C21000F6B3FC /* CryptoCrazyRxMVVMUITests */ = {
			isa = PBXFileSystemSynchronizedRootGroup;
			path = CryptoCrazyRxMVVMUITests;
			sourceTree = "<group>";
		};
/* End PBXFileSystemSynchronizedRootGroup section */

/* Begin PBXFrameworksBuildPhase section */
		B6E26D3B2DB1C21000F6B3FC /* Frameworks */ = {
			isa = PBXFrameworksBuildPhase;
			buildActionMask = 2147483647;
			files = (
				05475A045A7AD15855AF81ED /* Pods_CryptoCrazyRxMVVMTests.framework in Frameworks */,
			);
			runOnlyForDeploymentPostprocessing = 0;
		};
		B6E26D452DB1C21000F6B3FC /* Frameworks */ = {
			isa = PBXFrameworksBuildPhase;
			buildActionMask = 2147483647;
			files = (
				4FBB7DDF9892DF9DCA88E019 /* Pods_CryptoCrazyRxMVVM_CryptoCrazyRxMVVMUITests.framework in Frameworks */,
			);
			runOnlyForDeploymentPostprocessing = 0;
		};
		B6E26D762DB1D66000F6B3FC /* Frameworks */ = {
			isa = PBXFrameworksBuildPhase;
			buildActionMask = 2147483647;
			files = (
				56E2DC36AAD658A80ACF8F22 /* Pods_CryptoCrazyRxMVVM.framework in Frameworks */,
			);
			runOnlyForDeploymentPostprocessing = 0;
		};
/* End PBXFrameworksBuildPhase section */

/* Begin PBXGroup section */
		9C0BD467D0165ABA422E4CE7 /* Pods */ = {
			isa = PBXGroup;
			children = (
				748A65EF7F5F0BD0562D8EFA /* Pods-CryptoCrazyRxMVVM.debug.xcconfig */,
				6EDD2B8A0265699F53AAB1C2 /* Pods-CryptoCrazyRxMVVM.release.xcconfig */,
				2EA4225FF42F4888D4E21242 /* Pods-CryptoCrazyRxMVVM-CryptoCrazyRxMVVMUITests.debug.xcconfig */,
				220686527E4F589336D3A9BB /* Pods-CryptoCrazyRxMVVM-CryptoCrazyRxMVVMUITests.release.xcconfig */,
				A936F26D6CBD6875CEF6DFBB /* Pods-CryptoCrazyRxMVVMTests.debug.xcconfig */,
				1D27C8DADB64DE0AB1F401FA /* Pods-CryptoCrazyRxMVVMTests.release.xcconfig */,
			);
			path = Pods;
			sourceTree = "<group>";
		};
		B6E26D1F2DB1C20E00F6B3FC = {
			isa = PBXGroup;
			children = (
				B6E26D2A2DB1C20E00F6B3FC /* CryptoCrazyRxMVVM */,
				B6E26D412DB1C21000F6B3FC /* CryptoCrazyRxMVVMTests */,
				B6E26D4B2DB1C21000F6B3FC /* CryptoCrazyRxMVVMUITests */,
				B6E26D732DB1D10800F6B3FC /* Frameworks */,
				B6E26D292DB1C20E00F6B3FC /* Products */,
				9C0BD467D0165ABA422E4CE7 /* Pods */,
			);
			sourceTree = "<group>";
		};
		B6E26D292DB1C20E00F6B3FC /* Products */ = {
			isa = PBXGroup;
			children = (
				B6E26D282DB1C20E00F6B3FC /* CryptoCrazyRxMVVM.app */,
				B6E26D3E2DB1C21000F6B3FC /* CryptoCrazyRxMVVMTests.xctest */,
				B6E26D482DB1C21000F6B3FC /* CryptoCrazyRxMVVMUITests.xctest */,
			);
			name = Products;
			sourceTree = "<group>";
		};
		B6E26D732DB1D10800F6B3FC /* Frameworks */ = {
			isa = PBXGroup;
			children = (
				4EE89409DE5C4B6D8AC5E1DC /* Pods_CryptoCrazyRxMVVM.framework */,
				CECBE4F9D21EE0F738020795 /* Pods_CryptoCrazyRxMVVM_CryptoCrazyRxMVVMUITests.framework */,
				E248F86B1F8B7B7DCC702009 /* Pods_CryptoCrazyRxMVVMTests.framework */,
			);
			name = Frameworks;
			sourceTree = "<group>";
		};
/* End PBXGroup section */

/* Begin PBXNativeTarget section */
		B6E26D272DB1C20E00F6B3FC /* CryptoCrazyRxMVVM */ = {
			isa = PBXNativeTarget;
			buildConfigurationList = B6E26D512DB1C21000F6B3FC /* Build configuration list for PBXNativeTarget "CryptoCrazyRxMVVM" */;
			buildPhases = (
				C06544882A75A259CDAACAD3 /* [CP] Check Pods Manifest.lock */,
				B6E26D242DB1C20E00F6B3FC /* Sources */,
				B6E26D762DB1D66000F6B3FC /* Frameworks */,
				2401D5E41EF708C059C483FC /* [CP] Embed Pods Frameworks */,
			);
			buildRules = (
			);
			dependencies = (
			);
			fileSystemSynchronizedGroups = (
				B6E26D2A2DB1C20E00F6B3FC /* CryptoCrazyRxMVVM */,
			);
			name = CryptoCrazyRxMVVM;
			productName = CryptoCrazyRxMVVM;
			productReference = B6E26D282DB1C20E00F6B3FC /* CryptoCrazyRxMVVM.app */;
			productType = "com.apple.product-type.application";
		};
		B6E26D3D2DB1C21000F6B3FC /* CryptoCrazyRxMVVMTests */ = {
			isa = PBXNativeTarget;
			buildConfigurationList = B6E26D562DB1C21000F6B3FC /* Build configuration list for PBXNativeTarget "CryptoCrazyRxMVVMTests" */;
			buildPhases = (
				4E7843B307AE1502F908B5E1 /* [CP] Check Pods Manifest.lock */,
				B6E26D3A2DB1C21000F6B3FC /* Sources */,
				B6E26D3B2DB1C21000F6B3FC /* Frameworks */,
				B6E26D3C2DB1C21000F6B3FC /* Resources */,
				04E7D58FC797559D4F102014 /* [CP] Embed Pods Frameworks */,
			);
			buildRules = (
			);
			dependencies = (
				B6E26D402DB1C21000F6B3FC /* PBXTargetDependency */,
			);
			fileSystemSynchronizedGroups = (
				B6E26D412DB1C21000F6B3FC /* CryptoCrazyRxMVVMTests */,
			);
			name = CryptoCrazyRxMVVMTests;
			productName = CryptoCrazyRxMVVMTests;
			productReference = B6E26D3E2DB1C21000F6B3FC /* CryptoCrazyRxMVVMTests.xctest */;
			productType = "com.apple.product-type.bundle.unit-test";
		};
		B6E26D472DB1C21000F6B3FC /* CryptoCrazyRxMVVMUITests */ = {
			isa = PBXNativeTarget;
			buildConfigurationList = B6E26D592DB1C21000F6B3FC /* Build configuration list for PBXNativeTarget "CryptoCrazyRxMVVMUITests" */;
			buildPhases = (
				E7F4BEDF15FD1DC0C6C615D5 /* [CP] Check Pods Manifest.lock */,
				B6E26D442DB1C21000F6B3FC /* Sources */,
				B6E26D452DB1C21000F6B3FC /* Frameworks */,
				B6E26D462DB1C21000F6B3FC /* Resources */,
				AC65AC16703664A9FDB90086 /* [CP] Embed Pods Frameworks */,
			);
			buildRules = (
			);
			dependencies = (
				B6E26D4A2DB1C21000F6B3FC /* PBXTargetDependency */,
			);
			fileSystemSynchronizedGroups = (
				B6E26D4B2DB1C21000F6B3FC /* CryptoCrazyRxMVVMUITests */,
			);
			name = CryptoCrazyRxMVVMUITests;
			productName = CryptoCrazyRxMVVMUITests;
			productReference = B6E26D482DB1C21000F6B3FC /* CryptoCrazyRxMVVMUITests.xctest */;
			productType = "com.apple.product-type.bundle.ui-testing";
		};
/* End PBXNativeTarget section */

/* Begin PBXProject section */
		B6E26D202DB1C20E00F6B3FC /* Project object */ = {
			isa = PBXProject;
			attributes = {
				BuildIndependentTargetsInParallel = 1;
				LastSwiftUpdateCheck = 1620;
				LastUpgradeCheck = 1620;
				TargetAttributes = {
					B6E26D272DB1C20E00F6B3FC = {
						CreatedOnToolsVersion = 16.2;
					};
					B6E26D3D2DB1C21000F6B3FC = {
						CreatedOnToolsVersion = 16.2;
						TestTargetID = B6E26D272DB1C20E00F6B3FC;
					};
					B6E26D472DB1C21000F6B3FC = {
						CreatedOnToolsVersion = 16.2;
						TestTargetID = B6E26D272DB1C20E00F6B3FC;
					};
				};
			};
			buildConfigurationList = B6E26D232DB1C20E00F6B3FC /* Build configuration list for PBXProject "CryptoCrazyRxMVVM" */;
			developmentRegion = en;
			hasScannedForEncodings = 0;
			knownRegions = (
				en,
				Base,
			);
			mainGroup = B6E26D1F2DB1C20E00F6B3FC;
			minimizedProjectReferenceProxies = 1;
			preferredProjectObjectVersion = 77;
			productRefGroup = B6E26D292DB1C20E00F6B3FC /* Products */;
			projectDirPath = "";
			projectRoot = "";
			targets = (
				B6E26D272DB1C20E00F6B3FC /* CryptoCrazyRxMVVM */,
				B6E26D3D2DB1C21000F6B3FC /* CryptoCrazyRxMVVMTests */,
				B6E26D472DB1C21000F6B3FC /* CryptoCrazyRxMVVMUITests */,
			);
		};
/* End PBXProject section */

/* Begin PBXResourcesBuildPhase section */
		B6E26D3C2DB1C21000F6B3FC /* Resources */ = {
			isa = PBXResourcesBuildPhase;
			buildActionMask = 2147483647;
			files = (
			);
			runOnlyForDeploymentPostprocessing = 0;
		};
		B6E26D462DB1C21000F6B3FC /* Resources */ = {
			isa = PBXResourcesBuildPhase;
			buildActionMask = 2147483647;
			files = (
			);
			runOnlyForDeploymentPostprocessing = 0;
		};
/* End PBXResourcesBuildPhase section */

/* Begin PBXShellScriptBuildPhase section */
		04E7D58FC797559D4F102014 /* [CP] Embed Pods Frameworks */ = {
			isa = PBXShellScriptBuildPhase;
			buildActionMask = 2147483647;
			files = (
			);
			inputFileListPaths = (
				"${PODS_ROOT}/Target Support Files/Pods-CryptoCrazyRxMVVMTests/Pods-CryptoCrazyRxMVVMTests-frameworks-${CONFIGURATION}-input-files.xcfilelist",
			);
			name = "[CP] Embed Pods Frameworks";
			outputFileListPaths = (
				"${PODS_ROOT}/Target Support Files/Pods-CryptoCrazyRxMVVMTests/Pods-CryptoCrazyRxMVVMTests-frameworks-${CONFIGURATION}-output-files.xcfilelist",
			);
			runOnlyForDeploymentPostprocessing = 0;
			shellPath = /bin/sh;
			shellScript = "\"${PODS_ROOT}/Target Support Files/Pods-CryptoCrazyRxMVVMTests/Pods-CryptoCrazyRxMVVMTests-frameworks.sh\"\n";
			showEnvVarsInLog = 0;
		};
		2401D5E41EF708C059C483FC /* [CP] Embed Pods Frameworks */ = {
			isa = PBXShellScriptBuildPhase;
			buildActionMask = 2147483647;
			files = (
			);
			inputFileListPaths = (
				"${PODS_ROOT}/Target Support Files/Pods-CryptoCrazyRxMVVM/Pods-CryptoCrazyRxMVVM-frameworks-${CONFIGURATION}-input-files.xcfilelist",
			);
			name = "[CP] Embed Pods Frameworks";
			outputFileListPaths = (
				"${PODS_ROOT}/Target Support Files/Pods-CryptoCrazyRxMVVM/Pods-CryptoCrazyRxMVVM-frameworks-${CONFIGURATION}-output-files.xcfilelist",
			);
			runOnlyForDeploymentPostprocessing = 0;
			shellPath = /bin/sh;
			shellScript = "\"${PODS_ROOT}/Target Support Files/Pods-CryptoCrazyRxMVVM/Pods-CryptoCrazyRxMVVM-frameworks.sh\"\n";
			showEnvVarsInLog = 0;
		};
		4E7843B307AE1502F908B5E1 /* [CP] Check Pods Manifest.lock */ = {
			isa = PBXShellScriptBuildPhase;
			buildActionMask = 2147483647;
			files = (
			);
			inputFileListPaths = (
			);
			inputPaths = (
				"${PODS_PODFILE_DIR_PATH}/Podfile.lock",
				"${PODS_ROOT}/Manifest.lock",
			);
			name = "[CP] Check Pods Manifest.lock";
			outputFileListPaths = (
			);
			outputPaths = (
				"$(DERIVED_FILE_DIR)/Pods-CryptoCrazyRxMVVMTests-checkManifestLockResult.txt",
			);
			runOnlyForDeploymentPostprocessing = 0;
			shellPath = /bin/sh;
			shellScript = "diff \"${PODS_PODFILE_DIR_PATH}/Podfile.lock\" \"${PODS_ROOT}/Manifest.lock\" > /dev/null\nif [ $? != 0 ] ; then\n    # print error to STDERR\n    echo \"error: The sandbox is not in sync with the Podfile.lock. Run 'pod install' or update your CocoaPods installation.\" >&2\n    exit 1\nfi\n# This output is used by Xcode 'outputs' to avoid re-running this script phase.\necho \"SUCCESS\" > \"${SCRIPT_OUTPUT_FILE_0}\"\n";
			showEnvVarsInLog = 0;
		};
		AC65AC16703664A9FDB90086 /* [CP] Embed Pods Frameworks */ = {
			isa = PBXShellScriptBuildPhase;
			buildActionMask = 2147483647;
			files = (
			);
			inputFileListPaths = (
				"${PODS_ROOT}/Target Support Files/Pods-CryptoCrazyRxMVVM-CryptoCrazyRxMVVMUITests/Pods-CryptoCrazyRxMVVM-CryptoCrazyRxMVVMUITests-frameworks-${CONFIGURATION}-input-files.xcfilelist",
			);
			name = "[CP] Embed Pods Frameworks";
			outputFileListPaths = (
				"${PODS_ROOT}/Target Support Files/Pods-CryptoCrazyRxMVVM-CryptoCrazyRxMVVMUITests/Pods-CryptoCrazyRxMVVM-CryptoCrazyRxMVVMUITests-frameworks-${CONFIGURATION}-output-files.xcfilelist",
			);
			runOnlyForDeploymentPostprocessing = 0;
			shellPath = /bin/sh;
			shellScript = "\"${PODS_ROOT}/Target Support Files/Pods-CryptoCrazyRxMVVM-CryptoCrazyRxMVVMUITests/Pods-CryptoCrazyRxMVVM-CryptoCrazyRxMVVMUITests-frameworks.sh\"\n";
			showEnvVarsInLog = 0;
		};
		C06544882A75A259CDAACAD3 /* [CP] Check Pods Manifest.lock */ = {
			isa = PBXShellScriptBuildPhase;
			buildActionMask = 2147483647;
			files = (
			);
			inputFileListPaths = (
			);
			inputPaths = (
				"${PODS_PODFILE_DIR_PATH}/Podfile.lock",
				"${PODS_ROOT}/Manifest.lock",
			);
			name = "[CP] Check Pods Manifest.lock";
			outputFileListPaths = (
			);
			outputPaths = (
				"$(DERIVED_FILE_DIR)/Pods-CryptoCrazyRxMVVM-checkManifestLockResult.txt",
			);
			runOnlyForDeploymentPostprocessing = 0;
			shellPath = /bin/sh;
			shellScript = "diff \"${PODS_PODFILE_DIR_PATH}/Podfile.lock\" \"${PODS_ROOT}/Manifest.lock\" > /dev/null\nif [ $? != 0 ] ; then\n    # print error to STDERR\n    echo \"error: The sandbox is not in sync with the Podfile.lock. Run 'pod install' or update your CocoaPods installation.\" >&2\n    exit 1\nfi\n# This output is used by Xcode 'outputs' to avoid re-running this script phase.\necho \"SUCCESS\" > \"${SCRIPT_OUTPUT_FILE_0}\"\n";
			showEnvVarsInLog = 0;
		};
		E7F4BEDF15FD1DC0C6C615D5 /* [CP] Check Pods Manifest.lock */ = {
			isa = PBXShellScriptBuildPhase;
			buildActionMask = 2147483647;
			files = (
			);
			inputFileListPaths = (
			);
			inputPaths = (
				"${PODS_PODFILE_DIR_PATH}/Podfile.lock",
				"${PODS_ROOT}/Manifest.lock",
			);
			name = "[CP] Check Pods Manifest.lock";
			outputFileListPaths = (
			);
			outputPaths = (
				"$(DERIVED_FILE_DIR)/Pods-CryptoCrazyRxMVVM-CryptoCrazyRxMVVMUITests-checkManifestLockResult.txt",
			);
			runOnlyForDeploymentPostprocessing = 0;
			shellPath = /bin/sh;
			shellScript = "diff \"${PODS_PODFILE_DIR_PATH}/Podfile.lock\" \"${PODS_ROOT}/Manifest.lock\" > /dev/null\nif [ $? != 0 ] ; then\n    # print error to STDERR\n    echo \"error: The sandbox is not in sync with the Podfile.lock. Run 'pod install' or update your CocoaPods installation.\" >&2\n    exit 1\nfi\n# This output is used by Xcode 'outputs' to avoid re-running this script phase.\necho \"SUCCESS\" > \"${SCRIPT_OUTPUT_FILE_0}\"\n";
			showEnvVarsInLog = 0;
		};
/* End PBXShellScriptBuildPhase section */

/* Begin PBXSourcesBuildPhase section */
		B6E26D242DB1C20E00F6B3FC /* Sources */ = {
			isa = PBXSourcesBuildPhase;
			buildActionMask = 2147483647;
			files = (
			);
			runOnlyForDeploymentPostprocessing = 0;
		};
		B6E26D3A2DB1C21000F6B3FC /* Sources */ = {
			isa = PBXSourcesBuildPhase;
			buildActionMask = 2147483647;
			files = (
			);
			runOnlyForDeploymentPostprocessing = 0;
		};
		B6E26D442DB1C21000F6B3FC /* Sources */ = {
			isa = PBXSourcesBuildPhase;
			buildActionMask = 2147483647;
			files = (
			);
			runOnlyForDeploymentPostprocessing = 0;
		};
/* End PBXSourcesBuildPhase section */

/* Begin PBXTargetDependency section */
		B6E26D402DB1C21000F6B3FC /* PBXTargetDependency */ = {
			isa = PBXTargetDependency;
			target = B6E26D272DB1C20E00F6B3FC /* CryptoCrazyRxMVVM */;
			targetProxy = B6E26D3F2DB1C21000F6B3FC /* PBXContainerItemProxy */;
		};
		B6E26D4A2DB1C21000F6B3FC /* PBXTargetDependency */ = {
			isa = PBXTargetDependency;
			target = B6E26D272DB1C20E00F6B3FC /* CryptoCrazyRxMVVM */;
			targetProxy = B6E26D492DB1C21000F6B3FC /* PBXContainerItemProxy */;
		};
/* End PBXTargetDependency section */

/* Begin XCBuildConfiguration section */
		B6E26D522DB1C21000F6B3FC /* Debug */ = {
			isa = XCBuildConfiguration;
			baseConfigurationReference = 748A65EF7F5F0BD0562D8EFA /* Pods-CryptoCrazyRxMVVM.debug.xcconfig */;
			buildSettings = {
				ASSETCATALOG_COMPILER_APPICON_NAME = AppIcon;
				ASSETCATALOG_COMPILER_GLOBAL_ACCENT_COLOR_NAME = AccentColor;
				CODE_SIGN_STYLE = Automatic;
				CURRENT_PROJECT_VERSION = 1;
				DEVELOPMENT_TEAM = H84WUS4V8F;
				ENABLE_USER_SCRIPT_SANDBOXING = NO;
				GENERATE_INFOPLIST_FILE = YES;
				INFOPLIST_FILE = CryptoCrazyRxMVVM/Info.plist;
				INFOPLIST_KEY_UIApplicationSupportsIndirectInputEvents = YES;
				INFOPLIST_KEY_UILaunchStoryboardName = LaunchScreen;
				INFOPLIST_KEY_UIMainStoryboardFile = Main;
				INFOPLIST_KEY_UISupportedInterfaceOrientations_iPad = "UIInterfaceOrientationPortrait UIInterfaceOrientationPortraitUpsideDown UIInterfaceOrientationLandscapeLeft UIInterfaceOrientationLandscapeRight";
				INFOPLIST_KEY_UISupportedInterfaceOrientations_iPhone = "UIInterfaceOrientationPortrait UIInterfaceOrientationLandscapeLeft UIInterfaceOrientationLandscapeRight";
				LD_RUNPATH_SEARCH_PATHS = (
					"$(inherited)",
					"@executable_path/Frameworks",
				);
				MARKETING_VERSION = 1.0;
				PRODUCT_BUNDLE_IDENTIFIER = com.yaseminsalan.CryptoCrazyRxMVVM;
				PRODUCT_NAME = "$(TARGET_NAME)";
				SWIFT_EMIT_LOC_STRINGS = YES;
				SWIFT_VERSION = 5.0;
				TARGETED_DEVICE_FAMILY = "1,2";
			};
			name = Debug;
		};
		B6E26D532DB1C21000F6B3FC /* Release */ = {
			isa = XCBuildConfiguration;
			baseConfigurationReference = 6EDD2B8A0265699F53AAB1C2 /* Pods-CryptoCrazyRxMVVM.release.xcconfig */;
			buildSettings = {
				ASSETCATALOG_COMPILER_APPICON_NAME = AppIcon;
				ASSETCATALOG_COMPILER_GLOBAL_ACCENT_COLOR_NAME = AccentColor;
				CODE_SIGN_STYLE = Automatic;
				CURRENT_PROJECT_VERSION = 1;
				DEVELOPMENT_TEAM = H84WUS4V8F;
				ENABLE_USER_SCRIPT_SANDBOXING = NO;
				GENERATE_INFOPLIST_FILE = YES;
				INFOPLIST_FILE = CryptoCrazyRxMVVM/Info.plist;
				INFOPLIST_KEY_UIApplicationSupportsIndirectInputEvents = YES;
				INFOPLIST_KEY_UILaunchStoryboardName = LaunchScreen;
				INFOPLIST_KEY_UIMainStoryboardFile = Main;
				INFOPLIST_KEY_UISupportedInterfaceOrientations_iPad = "UIInterfaceOrientationPortrait UIInterfaceOrientationPortraitUpsideDown UIInterfaceOrientationLandscapeLeft UIInterfaceOrientationLandscapeRight";
				INFOPLIST_KEY_UISupportedInterfaceOrientations_iPhone = "UIInterfaceOrientationPortrait UIInterfaceOrientationLandscapeLeft UIInterfaceOrientationLandscapeRight";
				LD_RUNPATH_SEARCH_PATHS = (
					"$(inherited)",
					"@executable_path/Frameworks",
				);
				MARKETING_VERSION = 1.0;
				PRODUCT_BUNDLE_IDENTIFIER = com.yaseminsalan.CryptoCrazyRxMVVM;
				PRODUCT_NAME = "$(TARGET_NAME)";
				SWIFT_EMIT_LOC_STRINGS = YES;
				SWIFT_VERSION = 5.0;
				TARGETED_DEVICE_FAMILY = "1,2";
			};
			name = Release;
		};
		B6E26D542DB1C21000F6B3FC /* Debug */ = {
			isa = XCBuildConfiguration;
			buildSettings = {
				ALWAYS_SEARCH_USER_PATHS = NO;
				ASSETCATALOG_COMPILER_GENERATE_SWIFT_ASSET_SYMBOL_EXTENSIONS = YES;
				CLANG_ANALYZER_NONNULL = YES;
				CLANG_ANALYZER_NUMBER_OBJECT_CONVERSION = YES_AGGRESSIVE;
				CLANG_CXX_LANGUAGE_STANDARD = "gnu++20";
				CLANG_ENABLE_MODULES = YES;
				CLANG_ENABLE_OBJC_ARC = YES;
				CLANG_ENABLE_OBJC_WEAK = YES;
				CLANG_WARN_BLOCK_CAPTURE_AUTORELEASING = YES;
				CLANG_WARN_BOOL_CONVERSION = YES;
				CLANG_WARN_COMMA = YES;
				CLANG_WARN_CONSTANT_CONVERSION = YES;
				CLANG_WARN_DEPRECATED_OBJC_IMPLEMENTATIONS = YES;
				CLANG_WARN_DIRECT_OBJC_ISA_USAGE = YES_ERROR;
				CLANG_WARN_DOCUMENTATION_COMMENTS = YES;
				CLANG_WARN_EMPTY_BODY = YES;
				CLANG_WARN_ENUM_CONVERSION = YES;
				CLANG_WARN_INFINITE_RECURSION = YES;
				CLANG_WARN_INT_CONVERSION = YES;
				CLANG_WARN_NON_LITERAL_NULL_CONVERSION = YES;
				CLANG_WARN_OBJC_IMPLICIT_RETAIN_SELF = YES;
				CLANG_WARN_OBJC_LITERAL_CONVERSION = YES;
				CLANG_WARN_OBJC_ROOT_CLASS = YES_ERROR;
				CLANG_WARN_QUOTED_INCLUDE_IN_FRAMEWORK_HEADER = YES;
				CLANG_WARN_RANGE_LOOP_ANALYSIS = YES;
				CLANG_WARN_STRICT_PROTOTYPES = YES;
				CLANG_WARN_SUSPICIOUS_MOVE = YES;
				CLANG_WARN_UNGUARDED_AVAILABILITY = YES_AGGRESSIVE;
				CLANG_WARN_UNREACHABLE_CODE = YES;
				CLANG_WARN__DUPLICATE_METHOD_MATCH = YES;
				COPY_PHASE_STRIP = NO;
				DEBUG_INFORMATION_FORMAT = dwarf;
				ENABLE_STRICT_OBJC_MSGSEND = YES;
				ENABLE_TESTABILITY = YES;
				ENABLE_USER_SCRIPT_SANDBOXING = YES;
				GCC_C_LANGUAGE_STANDARD = gnu17;
				GCC_DYNAMIC_NO_PIC = NO;
				GCC_NO_COMMON_BLOCKS = YES;
				GCC_OPTIMIZATION_LEVEL = 0;
				GCC_PREPROCESSOR_DEFINITIONS = (
					"DEBUG=1",
					"$(inherited)",
				);
				GCC_WARN_64_TO_32_BIT_CONVERSION = YES;
				GCC_WARN_ABOUT_RETURN_TYPE = YES_ERROR;
				GCC_WARN_UNDECLARED_SELECTOR = YES;
				GCC_WARN_UNINITIALIZED_AUTOS = YES_AGGRESSIVE;
				GCC_WARN_UNUSED_FUNCTION = YES;
				GCC_WARN_UNUSED_VARIABLE = YES;
				IPHONEOS_DEPLOYMENT_TARGET = 18.2;
				LOCALIZATION_PREFERS_STRING_CATALOGS = YES;
				MTL_ENABLE_DEBUG_INFO = INCLUDE_SOURCE;
				MTL_FAST_MATH = YES;
				ONLY_ACTIVE_ARCH = YES;
				SDKROOT = iphoneos;
				SWIFT_ACTIVE_COMPILATION_CONDITIONS = "DEBUG $(inherited)";
				SWIFT_OPTIMIZATION_LEVEL = "-Onone";
			};
			name = Debug;
		};
		B6E26D552DB1C21000F6B3FC /* Release */ = {
			isa = XCBuildConfiguration;
			buildSettings = {
				ALWAYS_SEARCH_USER_PATHS = NO;
				ASSETCATALOG_COMPILER_GENERATE_SWIFT_ASSET_SYMBOL_EXTENSIONS = YES;
				CLANG_ANALYZER_NONNULL = YES;
				CLANG_ANALYZER_NUMBER_OBJECT_CONVERSION = YES_AGGRESSIVE;
				CLANG_CXX_LANGUAGE_STANDARD = "gnu++20";
				CLANG_ENABLE_MODULES = YES;
				CLANG_ENABLE_OBJC_ARC = YES;
				CLANG_ENABLE_OBJC_WEAK = YES;
				CLANG_WARN_BLOCK_CAPTURE_AUTORELEASING = YES;
				CLANG_WARN_BOOL_CONVERSION = YES;
				CLANG_WARN_COMMA = YES;
				CLANG_WARN_CONSTANT_CONVERSION = YES;
				CLANG_WARN_DEPRECATED_OBJC_IMPLEMENTATIONS = YES;
				CLANG_WARN_DIRECT_OBJC_ISA_USAGE = YES_ERROR;
				CLANG_WARN_DOCUMENTATION_COMMENTS = YES;
				CLANG_WARN_EMPTY_BODY = YES;
				CLANG_WARN_ENUM_CONVERSION = YES;
				CLANG_WARN_INFINITE_RECURSION = YES;
				CLANG_WARN_INT_CONVERSION = YES;
				CLANG_WARN_NON_LITERAL_NULL_CONVERSION = YES;
				CLANG_WARN_OBJC_IMPLICIT_RETAIN_SELF = YES;
				CLANG_WARN_OBJC_LITERAL_CONVERSION = YES;
				CLANG_WARN_OBJC_ROOT_CLASS = YES_ERROR;
				CLANG_WARN_QUOTED_INCLUDE_IN_FRAMEWORK_HEADER = YES;
				CLANG_WARN_RANGE_LOOP_ANALYSIS = YES;
				CLANG_WARN_STRICT_PROTOTYPES = YES;
				CLANG_WARN_SUSPICIOUS_MOVE = YES;
				CLANG_WARN_UNGUARDED_AVAILABILITY = YES_AGGRESSIVE;
				CLANG_WARN_UNREACHABLE_CODE = YES;
				CLANG_WARN__DUPLICATE_METHOD_MATCH = YES;
				COPY_PHASE_STRIP = NO;
				DEBUG_INFORMATION_FORMAT = "dwarf-with-dsym";
				ENABLE_NS_ASSERTIONS = NO;
				ENABLE_STRICT_OBJC_MSGSEND = YES;
				ENABLE_USER_SCRIPT_SANDBOXING = YES;
				GCC_C_LANGUAGE_STANDARD = gnu17;
				GCC_NO_COMMON_BLOCKS = YES;
				GCC_WARN_64_TO_32_BIT_CONVERSION = YES;
				GCC_WARN_ABOUT_RETURN_TYPE = YES_ERROR;
				GCC_WARN_UNDECLARED_SELECTOR = YES;
				GCC_WARN_UNINITIALIZED_AUTOS = YES_AGGRESSIVE;
				GCC_WARN_UNUSED_FUNCTION = YES;
				GCC_WARN_UNUSED_VARIABLE = YES;
				IPHONEOS_DEPLOYMENT_TARGET = 18.2;
				LOCALIZATION_PREFERS_STRING_CATALOGS = YES;
				MTL_ENABLE_DEBUG_INFO = NO;
				MTL_FAST_MATH = YES;
				SDKROOT = iphoneos;
				SWIFT_COMPILATION_MODE = wholemodule;
				VALIDATE_PRODUCT = YES;
			};
			name = Release;
		};
		B6E26D572DB1C21000F6B3FC /* Debug */ = {
			isa = XCBuildConfiguration;
			baseConfigurationReference = A936F26D6CBD6875CEF6DFBB /* Pods-CryptoCrazyRxMVVMTests.debug.xcconfig */;
			buildSettings = {
				BUNDLE_LOADER = "$(TEST_HOST)";
				CODE_SIGN_STYLE = Automatic;
				CURRENT_PROJECT_VERSION = 1;
				DEVELOPMENT_TEAM = H84WUS4V8F;
				GENERATE_INFOPLIST_FILE = YES;
				IPHONEOS_DEPLOYMENT_TARGET = 18.2;
				MARKETING_VERSION = 1.0;
				PRODUCT_BUNDLE_IDENTIFIER = com.yaseminsalan.CryptoCrazyRxMVVMTests;
				PRODUCT_NAME = "$(TARGET_NAME)";
				SWIFT_EMIT_LOC_STRINGS = NO;
				SWIFT_VERSION = 5.0;
				TARGETED_DEVICE_FAMILY = "1,2";
				TEST_HOST = "$(BUILT_PRODUCTS_DIR)/CryptoCrazyRxMVVM.app/$(BUNDLE_EXECUTABLE_FOLDER_PATH)/CryptoCrazyRxMVVM";
			};
			name = Debug;
		};
		B6E26D582DB1C21000F6B3FC /* Release */ = {
			isa = XCBuildConfiguration;
			baseConfigurationReference = 1D27C8DADB64DE0AB1F401FA /* Pods-CryptoCrazyRxMVVMTests.release.xcconfig */;
			buildSettings = {
				BUNDLE_LOADER = "$(TEST_HOST)";
				CODE_SIGN_STYLE = Automatic;
				CURRENT_PROJECT_VERSION = 1;
				DEVELOPMENT_TEAM = H84WUS4V8F;
				GENERATE_INFOPLIST_FILE = YES;
				IPHONEOS_DEPLOYMENT_TARGET = 18.2;
				MARKETING_VERSION = 1.0;
				PRODUCT_BUNDLE_IDENTIFIER = com.yaseminsalan.CryptoCrazyRxMVVMTests;
				PRODUCT_NAME = "$(TARGET_NAME)";
				SWIFT_EMIT_LOC_STRINGS = NO;
				SWIFT_VERSION = 5.0;
				TARGETED_DEVICE_FAMILY = "1,2";
				TEST_HOST = "$(BUILT_PRODUCTS_DIR)/CryptoCrazyRxMVVM.app/$(BUNDLE_EXECUTABLE_FOLDER_PATH)/CryptoCrazyRxMVVM";
			};
			name = Release;
		};
		B6E26D5A2DB1C21000F6B3FC /* Debug */ = {
			isa = XCBuildConfiguration;
			baseConfigurationReference = 2EA4225FF42F4888D4E21242 /* Pods-CryptoCrazyRxMVVM-CryptoCrazyRxMVVMUITests.debug.xcconfig */;
			buildSettings = {
				CODE_SIGN_STYLE = Automatic;
				CURRENT_PROJECT_VERSION = 1;
				DEVELOPMENT_TEAM = H84WUS4V8F;
				GENERATE_INFOPLIST_FILE = YES;
				MARKETING_VERSION = 1.0;
				PRODUCT_BUNDLE_IDENTIFIER = com.yaseminsalan.CryptoCrazyRxMVVMUITests;
				PRODUCT_NAME = "$(TARGET_NAME)";
				SWIFT_EMIT_LOC_STRINGS = NO;
				SWIFT_VERSION = 5.0;
				TARGETED_DEVICE_FAMILY = "1,2";
				TEST_TARGET_NAME = CryptoCrazyRxMVVM;
			};
			name = Debug;
		};
		B6E26D5B2DB1C21000F6B3FC /* Release */ = {
			isa = XCBuildConfiguration;
			baseConfigurationReference = 220686527E4F589336D3A9BB /* Pods-CryptoCrazyRxMVVM-CryptoCrazyRxMVVMUITests.release.xcconfig */;
			buildSettings = {
				CODE_SIGN_STYLE = Automatic;
				CURRENT_PROJECT_VERSION = 1;
				DEVELOPMENT_TEAM = H84WUS4V8F;
				GENERATE_INFOPLIST_FILE = YES;
				MARKETING_VERSION = 1.0;
				PRODUCT_BUNDLE_IDENTIFIER = com.yaseminsalan.CryptoCrazyRxMVVMUITests;
				PRODUCT_NAME = "$(TARGET_NAME)";
				SWIFT_EMIT_LOC_STRINGS = NO;
				SWIFT_VERSION = 5.0;
				TARGETED_DEVICE_FAMILY = "1,2";
				TEST_TARGET_NAME = CryptoCrazyRxMVVM;
			};
			name = Release;
		};
/* End XCBuildConfiguration section */

/* Begin XCConfigurationList section */
		B6E26D232DB1C20E00F6B3FC /* Build configuration list for PBXProject "CryptoCrazyRxMVVM" */ = {
			isa = XCConfigurationList;
			buildConfigurations = (
				B6E26D542DB1C21000F6B3FC /* Debug */,
				B6E26D552DB1C21000F6B3FC /* Release */,
			);
			defaultConfigurationIsVisible = 0;
			defaultConfigurationName = Release;
		};
		B6E26D512DB1C21000F6B3FC /* Build configuration list for PBXNativeTarget "CryptoCrazyRxMVVM" */ = {
			isa = XCConfigurationList;
			buildConfigurations = (
				B6E26D522DB1C21000F6B3FC /* Debug */,
				B6E26D532DB1C21000F6B3FC /* Release */,
			);
			defaultConfigurationIsVisible = 0;
			defaultConfigurationName = Release;
		};
		B6E26D562DB1C21000F6B3FC /* Build configuration list for PBXNativeTarget "CryptoCrazyRxMVVMTests" */ = {
			isa = XCConfigurationList;
			buildConfigurations = (
				B6E26D572DB1C21000F6B3FC /* Debug */,
				B6E26D582DB1C21000F6B3FC /* Release */,
			);
			defaultConfigurationIsVisible = 0;
			defaultConfigurationName = Release;
		};
		B6E26D592DB1C21000F6B3FC /* Build configuration list for PBXNativeTarget "CryptoCrazyRxMVVMUITests" */ = {
			isa = XCConfigurationList;
			buildConfigurations = (
				B6E26D5A2DB1C21000F6B3FC /* Debug */,
				B6E26D5B2DB1C21000F6B3FC /* Release */,
			);
			defaultConfigurationIsVisible = 0;
			defaultConfigurationName = Release;
		};
/* End XCConfigurationList section */
	};
	rootObject = B6E26D202DB1C20E00F6B3FC /* Project object */;
}
